
Microsoft Visual Studio Solution File, Format Version 12.00
# Visual Studio 14
VisualStudioVersion = 14.0.25123.0
MinimumVisualStudioVersion = 10.0.40219.1
Project("{FAE04EC0-301F-11D3-BF4B-00C04F79EFBC}") = "WcfLaboratorio.Calculadora", "WcfLaboratorio.Calculadora\WcfLaboratorio.Calculadora.csproj", "{4E224007-F4B1-4199-8F12-C5CA0C482F34}"
EndProject
Project("{FAE04EC0-301F-11D3-BF4B-00C04F79EFBC}") = "Calculadora", "Calculadora\Calculadora.csproj", "{052DE8D2-E0EC-4805-8916-421F4555F36F}"
	ProjectSection(ProjectDependencies) = postProject
		{4E224007-F4B1-4199-8F12-C5CA0C482F34} = {4E224007-F4B1-4199-8F12-C5CA0C482F34}
	EndProjectSection
EndProject
Project("{FAE04EC0-301F-11D3-BF4B-00C04F79EFBC}") = "Core.Numero", "Core.Numero\Core.Numero.csproj", "{B84DBB60-E09D-4AB5-8ECE-9DFC9189BEDB}"
EndProject
Project("{FAE04EC0-301F-11D3-BF4B-00C04F79EFBC}") = "Tests.Calculadora", "Tests.Calculadora\Tests.Calculadora.csproj", "{B1E9F344-9096-4588-9F36-DC056BB7B451}"
EndProject
Global
	GlobalSection(SolutionConfigurationPlatforms) = preSolution
		Debug|Any CPU = Debug|Any CPU
		Release|Any CPU = Release|Any CPU
	EndGlobalSection
	GlobalSection(ProjectConfigurationPlatforms) = postSolution
		{4E224007-F4B1-4199-8F12-C5CA0C482F34}.Debug|Any CPU.ActiveCfg = Debug|Any CPU
		{4E224007-F4B1-4199-8F12-C5CA0C482F34}.Debug|Any CPU.Build.0 = Debug|Any CPU
		{4E224007-F4B1-4199-8F12-C5CA0C482F34}.Release|Any CPU.ActiveCfg = Release|Any CPU
		{4E224007-F4B1-4199-8F12-C5CA0C482F34}.Release|Any CPU.Build.0 = Release|Any CPU
		{052DE8D2-E0EC-4805-8916-421F4555F36F}.Debug|Any CPU.ActiveCfg = Debug|Any CPU
		{052DE8D2-E0EC-4805-8916-421F4555F36F}.Debug|Any CPU.Build.0 = Debug|Any CPU
		{052DE8D2-E0EC-4805-8916-421F4555F36F}.Release|Any CPU.ActiveCfg = Release|Any CPU
		{052DE8D2-E0EC-4805-8916-421F4555F36F}.Release|Any CPU.Build.0 = Release|Any CPU
		{B84DBB60-E09D-4AB5-8ECE-9DFC9189BEDB}.Debug|Any CPU.ActiveCfg = Debug|Any CPU
		{B84DBB60-E09D-4AB5-8ECE-9DFC9189BEDB}.Debug|Any CPU.Build.0 = Debug|Any CPU
		{B84DBB60-E09D-4AB5-8ECE-9DFC9189BEDB}.Release|Any CPU.ActiveCfg = Release|Any CPU
		{B84DBB60-E09D-4AB5-8ECE-9DFC9189BEDB}.Release|Any CPU.Build.0 = Release|Any CPU
		{B1E9F344-9096-4588-9F36-DC056BB7B451}.Debug|Any CPU.ActiveCfg = Debug|Any CPU
		{B1E9F344-9096-4588-9F36-DC056BB7B451}.Debug|Any CPU.Build.0 = Debug|Any CPU
		{B1E9F344-9096-4588-9F36-DC056BB7B451}.Release|Any CPU.ActiveCfg = Release|Any CPU
		{B1E9F344-9096-4588-9F36-DC056BB7B451}.Release|Any CPU.Build.0 = Release|Any CPU
	EndGlobalSection
	GlobalSection(SolutionProperties) = preSolution
		HideSolutionNode = FALSE
	EndGlobalSection
EndGlobal
